
Microsoft Visual Studio Solution File, Format Version 12.00
# Visual Studio Version 17
VisualStudioVersion = 17.11.35222.181
MinimumVisualStudioVersion = 10.0.40219.1
Project("{8BC9CEB8-8B4A-11D0-8D11-00A0C91BC942}") = "lab2", "lab2\lab2.vcxproj", "{CF4B1C23-E433-4857-84BD-CDBA5B91CF3B}"
EndProject
Project("{8BC9CEB8-8B4A-11D0-8D11-00A0C91BC942}") = "client", "client\client.vcxproj", "{A6234E51-49C8-4F44-A6B0-82DDF0EFD8A6}"
EndProject
Global
	GlobalSection(SolutionConfigurationPlatforms) = preSolution
		Debug|x64 = Debug|x64
		Debug|x86 = Debug|x86
		Release|x64 = Release|x64
		Release|x86 = Release|x86
	EndGlobalSection
	GlobalSection(ProjectConfigurationPlatforms) = postSolution
		{CF4B1C23-E433-4857-84BD-CDBA5B91CF3B}.Debug|x64.ActiveCfg = Debug|x64
		{CF4B1C23-E433-4857-84BD-CDBA5B91CF3B}.Debug|x64.Build.0 = Debug|x64
		{CF4B1C23-E433-4857-84BD-CDBA5B91CF3B}.Debug|x86.ActiveCfg = Debug|Win32
		{CF4B1C23-E433-4857-84BD-CDBA5B91CF3B}.Debug|x86.Build.0 = Debug|Win32
		{CF4B1C23-E433-4857-84BD-CDBA5B91CF3B}.Release|x64.ActiveCfg = Release|x64
		{CF4B1C23-E433-4857-84BD-CDBA5B91CF3B}.Release|x64.Build.0 = Release|x64
		{CF4B1C23-E433-4857-84BD-CDBA5B91CF3B}.Release|x86.ActiveCfg = Release|Win32
		{CF4B1C23-E433-4857-84BD-CDBA5B91CF3B}.Release|x86.Build.0 = Release|Win32
		{A6234E51-49C8-4F44-A6B0-82DDF0EFD8A6}.Debug|x64.ActiveCfg = Debug|x64
		{A6234E51-49C8-4F44-A6B0-82DDF0EFD8A6}.Debug|x64.Build.0 = Debug|x64
		{A6234E51-49C8-4F44-A6B0-82DDF0EFD8A6}.Debug|x86.ActiveCfg = Debug|Win32
		{A6234E51-49C8-4F44-A6B0-82DDF0EFD8A6}.Debug|x86.Build.0 = Debug|Win32
		{A6234E51-49C8-4F44-A6B0-82DDF0EFD8A6}.Release|x64.ActiveCfg = Release|x64
		{A6234E51-49C8-4F44-A6B0-82DDF0EFD8A6}.Release|x64.Build.0 = Release|x64
		{A6234E51-49C8-4F44-A6B0-82DDF0EFD8A6}.Release|x86.ActiveCfg = Release|Win32
		{A6234E51-49C8-4F44-A6B0-82DDF0EFD8A6}.Release|x86.Build.0 = Release|Win32
	EndGlobalSection
	GlobalSection(SolutionProperties) = preSolution
		HideSolutionNode = FALSE
	EndGlobalSection
	GlobalSection(ExtensibilityGlobals) = postSolution
		SolutionGuid = {118219F2-7720-4B6A-938D-2326DA8269BA}
	EndGlobalSection
EndGlobal
